{
    "_readme": [
        "This file locks the dependencies of your project to a known state",
        "Read more about it at https://getcomposer.org/doc/01-basic-usage.md#installing-dependencies",
        "This file is @generated automatically"
    ],
    "content-hash": "2ed32d8e65c4f4be23d18f21f8e950a7",
    "packages": [
        {
            "name": "laswitchtech/core-configurator",
            "version": "v1.1.3",
            "source": {
                "type": "git",
                "url": "https://github.com/LaswitchTech/coreConfigurator.git",
                "reference": "94e7ba1fda0dd66e94e0aa39d3230b99f78daa65"
            },
            "dist": {
                "type": "zip",
                "url": "https://api.github.com/repos/LaswitchTech/coreConfigurator/zipball/94e7ba1fda0dd66e94e0aa39d3230b99f78daa65",
                "reference": "94e7ba1fda0dd66e94e0aa39d3230b99f78daa65",
                "shasum": ""
            },
            "type": "library",
            "autoload": {
                "psr-4": {
                    "LaswitchTech\\coreConfigurator\\": "src/"
                }
            },
            "notification-url": "https://packagist.org/downloads/",
            "license": [
                "MIT"
            ],
            "authors": [
                {
                    "name": "Louis Ouellet",
                    "email": "louis_ouellet@hotmail.com"
                }
            ],
            "description": "Configurator Library for the Laswitch Core Framework",
            "support": {
                "issues": "https://github.com/LaswitchTech/coreConfigurator/issues",
                "source": "https://github.com/LaswitchTech/coreConfigurator/tree/v1.1.3"
            },
            "funding": [
                {
                    "url": "https://github.com/LaswitchTech",
                    "type": "github"
                }
            ],
            "time": "2024-06-26T23:53:53+00:00"
        },
        {
            "name": "laswitchtech/core-csrf",
            "version": "v1.0.2",
            "source": {
                "type": "git",
                "url": "https://github.com/LaswitchTech/coreCSRF.git",
                "reference": "4f0e3c5485e060234b0dd159775d01e2b21de092"
            },
            "dist": {
                "type": "zip",
                "url": "https://api.github.com/repos/LaswitchTech/coreCSRF/zipball/4f0e3c5485e060234b0dd159775d01e2b21de092",
                "reference": "4f0e3c5485e060234b0dd159775d01e2b21de092",
                "shasum": ""
            },
            "require": {
                "laswitchtech/core-logger": "^1.0"
            },
            "type": "library",
            "autoload": {
                "psr-4": {
                    "LaswitchTech\\coreCSRF\\": "src/"
                }
            },
            "notification-url": "https://packagist.org/downloads/",
            "license": [
                "MIT"
            ],
            "authors": [
                {
                    "name": "Louis Ouellet",
                    "email": "louis_ouellet@hotmail.com"
                }
            ],
            "description": "CSRF Library for the Laswitch Core Framework",
            "support": {
                "issues": "https://github.com/LaswitchTech/coreCSRF/issues",
                "source": "https://github.com/LaswitchTech/coreCSRF/tree/v1.0.2"
            },
            "funding": [
                {
                    "url": "https://github.com/LaswitchTech",
                    "type": "github"
                }
            ],
            "time": "2024-06-27T00:08:04+00:00"
        },
        {
            "name": "laswitchtech/core-database",
            "version": "v1.0.1",
            "source": {
                "type": "git",
                "url": "https://github.com/LaswitchTech/coreDatabase.git",
                "reference": "7e10f95a08f51889bd9bfe352e7bacf70c05c7b7"
            },
            "dist": {
                "type": "zip",
                "url": "https://api.github.com/repos/LaswitchTech/coreDatabase/zipball/7e10f95a08f51889bd9bfe352e7bacf70c05c7b7",
                "reference": "7e10f95a08f51889bd9bfe352e7bacf70c05c7b7",
                "shasum": ""
            },
            "require": {
                "laswitchtech/core-net": "^1.0"
            },
            "type": "library",
            "autoload": {
                "psr-4": {
                    "LaswitchTech\\coreDatabase\\": "src/"
                }
            },
            "notification-url": "https://packagist.org/downloads/",
            "license": [
                "MIT"
            ],
            "authors": [
                {
                    "name": "Louis Ouellet",
                    "email": "louis_ouellet@hotmail.com"
                }
            ],
            "description": "Database Library for the Laswitch Core Framework",
            "support": {
                "issues": "https://github.com/LaswitchTech/coreDatabase/issues",
                "source": "https://github.com/LaswitchTech/coreDatabase/tree/v1.0.1"
            },
            "funding": [
                {
                    "url": "https://github.com/LaswitchTech",
                    "type": "github"
                }
            ],
            "time": "2024-06-27T00:06:59+00:00"
        },
        {
            "name": "laswitchtech/core-imap",
            "version": "v1.0.1",
            "source": {
                "type": "git",
                "url": "https://github.com/LaswitchTech/coreIMAP.git",
                "reference": "f28937648ea635e812a8b61842a0b89d5f11ea02"
            },
            "dist": {
                "type": "zip",
                "url": "https://api.github.com/repos/LaswitchTech/coreIMAP/zipball/f28937648ea635e812a8b61842a0b89d5f11ea02",
                "reference": "f28937648ea635e812a8b61842a0b89d5f11ea02",
                "shasum": ""
            },
            "require": {
                "laswitchtech/core-net": "^1.0"
            },
            "type": "library",
            "autoload": {
                "psr-4": {
                    "LaswitchTech\\coreIMAP\\": "src/"
                }
            },
            "notification-url": "https://packagist.org/downloads/",
            "license": [
                "MIT"
            ],
            "authors": [
                {
                    "name": "Louis Ouellet",
                    "email": "louis_ouellet@hotmail.com"
                }
            ],
            "description": "IMAP Library for the Laswitch Core Framework",
            "support": {
                "issues": "https://github.com/LaswitchTech/coreIMAP/issues",
                "source": "https://github.com/LaswitchTech/coreIMAP/tree/v1.0.1"
            },
            "funding": [
                {
                    "url": "https://github.com/LaswitchTech",
                    "type": "github"
                }
            ],
            "time": "2024-06-27T00:03:48+00:00"
        },
        {
            "name": "laswitchtech/core-logger",
            "version": "v1.0.3",
            "source": {
                "type": "git",
                "url": "https://github.com/LaswitchTech/coreLogger.git",
                "reference": "cc77f55daf55ee27565d160819683c2e4673d48f"
            },
            "dist": {
                "type": "zip",
                "url": "https://api.github.com/repos/LaswitchTech/coreLogger/zipball/cc77f55daf55ee27565d160819683c2e4673d48f",
                "reference": "cc77f55daf55ee27565d160819683c2e4673d48f",
                "shasum": ""
            },
            "require": {
                "laswitchtech/core-configurator": "^1.0"
            },
            "type": "library",
            "autoload": {
                "psr-4": {
                    "LaswitchTech\\coreLogger\\": "src/"
                }
            },
            "notification-url": "https://packagist.org/downloads/",
            "license": [
                "MIT"
            ],
            "authors": [
                {
                    "name": "Louis Ouellet",
                    "email": "louis_ouellet@hotmail.com"
                }
            ],
            "description": "Logger Library for the Laswitch Core Framework",
            "support": {
                "issues": "https://github.com/LaswitchTech/coreLogger/issues",
                "source": "https://github.com/LaswitchTech/coreLogger/tree/v1.0.3"
            },
            "funding": [
                {
                    "url": "https://github.com/LaswitchTech",
                    "type": "github"
                }
            ],
            "time": "2024-06-26T23:58:30+00:00"
        },
        {
            "name": "laswitchtech/core-net",
            "version": "v1.0.1",
            "source": {
                "type": "git",
                "url": "https://github.com/LaswitchTech/coreNet.git",
                "reference": "2abe7a9e18fc9abf6b90e5477299d3147d36a762"
            },
            "dist": {
                "type": "zip",
                "url": "https://api.github.com/repos/LaswitchTech/coreNet/zipball/2abe7a9e18fc9abf6b90e5477299d3147d36a762",
                "reference": "2abe7a9e18fc9abf6b90e5477299d3147d36a762",
                "shasum": ""
            },
            "require": {
                "laswitchtech/core-logger": "^1.0"
            },
            "type": "library",
            "autoload": {
                "psr-4": {
                    "LaswitchTech\\coreNet\\": "src/"
                }
            },
            "notification-url": "https://packagist.org/downloads/",
            "license": [
                "MIT"
            ],
            "authors": [
                {
                    "name": "Louis Ouellet",
                    "email": "louis_ouellet@hotmail.com"
                }
            ],
            "description": "Network Toolkit Library for the Laswitch Core Framework",
            "support": {
                "issues": "https://github.com/LaswitchTech/coreNet/issues",
                "source": "https://github.com/LaswitchTech/coreNet/tree/v1.0.1"
            },
            "funding": [
                {
                    "url": "https://github.com/LaswitchTech",
                    "type": "github"
                }
            ],
            "time": "2024-06-26T23:59:49+00:00"
        },
        {
            "name": "laswitchtech/core-sms",
            "version": "v1.0.1",
            "source": {
                "type": "git",
                "url": "https://github.com/LaswitchTech/coreSMS.git",
                "reference": "f50ac84fff5921e65fc911536d001e52ab377291"
            },
            "dist": {
                "type": "zip",
                "url": "https://api.github.com/repos/LaswitchTech/coreSMS/zipball/f50ac84fff5921e65fc911536d001e52ab377291",
                "reference": "f50ac84fff5921e65fc911536d001e52ab377291",
                "shasum": ""
            },
            "require": {
                "laswitchtech/core-logger": "^1.0"
            },
            "type": "library",
            "autoload": {
                "psr-4": {
                    "LaswitchTech\\coreSMS\\": "src/"
                }
            },
            "notification-url": "https://packagist.org/downloads/",
            "license": [
                "MIT"
            ],
            "authors": [
                {
                    "name": "Louis Ouellet",
                    "email": "louis_ouellet@hotmail.com"
                }
            ],
            "description": "SMS Library for the Laswitch Core Framework",
            "support": {
                "issues": "https://github.com/LaswitchTech/coreSMS/issues",
                "source": "https://github.com/LaswitchTech/coreSMS/tree/v1.0.1"
            },
            "funding": [
                {
                    "url": "https://github.com/LaswitchTech",
                    "type": "github"
                }
            ],
            "time": "2024-06-27T00:04:45+00:00"
        },
        {
            "name": "laswitchtech/core-smtp",
            "version": "v1.0.2",
            "source": {
                "type": "git",
                "url": "https://github.com/LaswitchTech/coreSMTP.git",
                "reference": "ccae27ba8d4565bff0cd03221465cb5c591c54b8"
            },
            "dist": {
                "type": "zip",
                "url": "https://api.github.com/repos/LaswitchTech/coreSMTP/zipball/ccae27ba8d4565bff0cd03221465cb5c591c54b8",
                "reference": "ccae27ba8d4565bff0cd03221465cb5c591c54b8",
                "shasum": ""
            },
            "require": {
                "laswitchtech/core-net": "^1.0"
            },
            "type": "library",
            "autoload": {
                "psr-4": {
                    "LaswitchTech\\coreSMTP\\": "src/"
                }
            },
            "notification-url": "https://packagist.org/downloads/",
            "license": [
                "MIT"
            ],
            "authors": [
                {
                    "name": "Louis Ouellet",
                    "email": "louis_ouellet@hotmail.com"
                }
            ],
            "description": "SMTP Library for the Laswitch Core Framework",
            "support": {
                "issues": "https://github.com/LaswitchTech/coreSMTP/issues",
                "source": "https://github.com/LaswitchTech/coreSMTP/tree/v1.0.2"
            },
            "funding": [
                {
                    "url": "https://github.com/LaswitchTech",
                    "type": "github"
                }
            ],
            "time": "2024-07-18T17:32:33+00:00"
        }
    ],
    "packages-dev": [],
    "aliases": [],
    "minimum-stability": "stable",
    "stability-flags": [],
    "prefer-stable": false,
    "prefer-lowest": false,
    "platform": [],
    "platform-dev": [],
    "plugin-api-version": "2.6.0"
}
